
Microsoft Visual Studio Solution File, Format Version 12.00
# Visual Studio Version 17
VisualStudioVersion = 17.14.36511.14 d17.14
MinimumVisualStudioVersion = 10.0.40219.1
Project("{FAE04EC0-301F-11D3-BF4B-00C04F79EFBC}") = "Seccion3", "Seccion3\Seccion3.csproj", "{F39DFEED-9D20-4117-93CF-62DC60F16C6D}"
EndProject
Global
	GlobalSection(SolutionConfigurationPlatforms) = preSolution
		Debug|Any CPU = Debug|Any CPU
		Release|Any CPU = Release|Any CPU
	EndGlobalSection
	GlobalSection(ProjectConfigurationPlatforms) = postSolution
		{F39DFEED-9D20-4117-93CF-62DC60F16C6D}.Debug|Any CPU.ActiveCfg = Debug|Any CPU
		{F39DFEED-9D20-4117-93CF-62DC60F16C6D}.Debug|Any CPU.Build.0 = Debug|Any CPU
		{F39DFEED-9D20-4117-93CF-62DC60F16C6D}.Release|Any CPU.ActiveCfg = Release|Any CPU
		{F39DFEED-9D20-4117-93CF-62DC60F16C6D}.Release|Any CPU.Build.0 = Release|Any CPU
	EndGlobalSection
	GlobalSection(SolutionProperties) = preSolution
		HideSolutionNode = FALSE
	EndGlobalSection
	GlobalSection(ExtensibilityGlobals) = postSolution
		SolutionGuid = {4428BC9F-811B-41FE-8C21-4C0DFEC3ECDE}
	EndGlobalSection
EndGlobal
